{
  "version": 4,
  "terraform_version": "1.3.2",
  "serial": 2,
  "lineage": "b142f98d-b1e4-2e64-5970-1a8c9cadccaf",
  "outputs": {},
  "resources": [
    {
      "mode": "managed",
      "type": "aws_vpc",
      "name": "vnet",
      "provider": "provider[\"registry.terraform.io/hashicorp/aws\"]",
      "instances": [
        {
          "schema_version": 1,
          "attributes": {
            "arn": "arn:aws:ec2:us-east-2:198345658264:vpc/vpc-02a8be7bc08ae6a6c",
            "assign_generated_ipv6_cidr_block": false,
            "cidr_block": "192.168.0.0/16",
            "default_network_acl_id": "acl-03ba4070812af5c7d",
            "default_route_table_id": "rtb-01d2f07b67d617a00",
            "default_security_group_id": "sg-02d9904d4264bfd0e",
            "dhcp_options_id": "dopt-00c7c090670286f5b",
            "enable_classiclink": false,
            "enable_classiclink_dns_support": false,
            "enable_dns_hostnames": false,
            "enable_dns_support": true,
            "enable_network_address_usage_metrics": false,
            "id": "vpc-02a8be7bc08ae6a6c",
            "instance_tenancy": "default",
            "ipv4_ipam_pool_id": null,
            "ipv4_netmask_length": null,
            "ipv6_association_id": "",
            "ipv6_cidr_block": "",
            "ipv6_cidr_block_network_border_group": "",
            "ipv6_ipam_pool_id": "",
            "ipv6_netmask_length": 0,
            "main_route_table_id": "rtb-01d2f07b67d617a00",
            "owner_id": "198345658264",
            "tags": {
              "Name": "vpctf"
            },
            "tags_all": {
              "Name": "vpctf"
            }
          },
          "sensitive_attributes": [],
          "private": "eyJzY2hlbWFfdmVyc2lvbiI6IjEifQ=="
        }
      ]
    }
  ],
  "check_results": []
}
